
Microsoft Visual Studio Solution File, Format Version 12.00
# Visual Studio Version 17
VisualStudioVersion = 17.8.34322.80
MinimumVisualStudioVersion = 10.0.40219.1
Project("{FAE04EC0-301F-11D3-BF4B-00C04F79EFBC}") = "ASP.NetAPI", "ASP.NetAPI\ASP.NetAPI.csproj", "{E2F45DCC-F1C4-40EC-922B-012B15C9E624}"
EndProject
Global
	GlobalSection(SolutionConfigurationPlatforms) = preSolution
		Debug|Any CPU = Debug|Any CPU
		Release|Any CPU = Release|Any CPU
	EndGlobalSection
	GlobalSection(ProjectConfigurationPlatforms) = postSolution
		{E2F45DCC-F1C4-40EC-922B-012B15C9E624}.Debug|Any CPU.ActiveCfg = Debug|Any CPU
		{E2F45DCC-F1C4-40EC-922B-012B15C9E624}.Debug|Any CPU.Build.0 = Debug|Any CPU
		{E2F45DCC-F1C4-40EC-922B-012B15C9E624}.Release|Any CPU.ActiveCfg = Release|Any CPU
		{E2F45DCC-F1C4-40EC-922B-012B15C9E624}.Release|Any CPU.Build.0 = Release|Any CPU
	EndGlobalSection
	GlobalSection(SolutionProperties) = preSolution
		HideSolutionNode = FALSE
	EndGlobalSection
	GlobalSection(ExtensibilityGlobals) = postSolution
		SolutionGuid = {C9FC19D7-EA7F-4166-93A3-EBE6F8D15BDB}
	EndGlobalSection
EndGlobal
